
Microsoft Visual Studio Solution File, Format Version 12.00
# Visual Studio Version 17
VisualStudioVersion = 17.8.34525.116
MinimumVisualStudioVersion = 10.0.40219.1
Project("{FAE04EC0-301F-11D3-BF4B-00C04F79EFBC}") = "MagicVilla_villaAPI", "MagicVilla_villaAPI\MagicVilla_villaAPI.csproj", "{12C5FFBF-A608-45D7-B7E1-C7933C3F54B3}"
EndProject
Global
	GlobalSection(SolutionConfigurationPlatforms) = preSolution
		Debug|Any CPU = Debug|Any CPU
		Release|Any CPU = Release|Any CPU
	EndGlobalSection
	GlobalSection(ProjectConfigurationPlatforms) = postSolution
		{12C5FFBF-A608-45D7-B7E1-C7933C3F54B3}.Debug|Any CPU.ActiveCfg = Debug|Any CPU
		{12C5FFBF-A608-45D7-B7E1-C7933C3F54B3}.Debug|Any CPU.Build.0 = Debug|Any CPU
		{12C5FFBF-A608-45D7-B7E1-C7933C3F54B3}.Release|Any CPU.ActiveCfg = Release|Any CPU
		{12C5FFBF-A608-45D7-B7E1-C7933C3F54B3}.Release|Any CPU.Build.0 = Release|Any CPU
	EndGlobalSection
	GlobalSection(SolutionProperties) = preSolution
		HideSolutionNode = FALSE
	EndGlobalSection
	GlobalSection(ExtensibilityGlobals) = postSolution
		SolutionGuid = {0A6E2F5D-25D4-4BE0-A603-FD06608071FC}
	EndGlobalSection
EndGlobal
